{
  "name": "codex-web-gpt-automation",
  "version": "1.15.1",
  "lockfileVersion": 3,
  "requires": true,
  "packages": {
    "": {
      "name": "codex-web-gpt-automation",
      "version": "1.15.1",
      "license": "MIT",
      "engines": {
        "node": ">=22.19 <27"
      }
    }
  }
}
